
Microsoft Visual Studio Solution File, Format Version 12.00
# Visual Studio Version 17
VisualStudioVersion = 17.1.32319.34
MinimumVisualStudioVersion = 10.0.40219.1
Project("{9A19103F-16F7-4668-BE54-9A1E7A4F7556}") = "Lunfardle", "Frontend\Lunfardle.csproj", "{446EE946-80EB-48AA-9144-DC86E2AEFBDC}"
EndProject
Global
	GlobalSection(SolutionConfigurationPlatforms) = preSolution
		Debug|Any CPU = Debug|Any CPU
		Release|Any CPU = Release|Any CPU
	EndGlobalSection
	GlobalSection(ProjectConfigurationPlatforms) = postSolution
		{446EE946-80EB-48AA-9144-DC86E2AEFBDC}.Debug|Any CPU.ActiveCfg = Debug|Any CPU
		{446EE946-80EB-48AA-9144-DC86E2AEFBDC}.Debug|Any CPU.Build.0 = Debug|Any CPU
		{446EE946-80EB-48AA-9144-DC86E2AEFBDC}.Release|Any CPU.ActiveCfg = Release|Any CPU
		{446EE946-80EB-48AA-9144-DC86E2AEFBDC}.Release|Any CPU.Build.0 = Release|Any CPU
	EndGlobalSection
	GlobalSection(SolutionProperties) = preSolution
		HideSolutionNode = FALSE
	EndGlobalSection
	GlobalSection(ExtensibilityGlobals) = postSolution
		SolutionGuid = {44FBF086-A906-4F05-BCC0-E719C9F84757}
	EndGlobalSection
EndGlobal
